
Microsoft Visual Studio Solution File, Format Version 12.00
# Visual Studio Version 16
VisualStudioVersion = 16.0.31009.304
MinimumVisualStudioVersion = 10.0.40219.1
Project("{FAE04EC0-301F-11D3-BF4B-00C04F79EFBC}") = "RebarAnnotationTool", "RebarAnnotationTool.csproj", "{E997AB2C-CC8D-4ACB-8107-643A366DAD1D}"
EndProject
Project("{2150E333-8FDC-42A3-9474-1A3956D46DE8}") = "Solution Items", "Solution Items", "{CF5C3603-3EC8-4F28-902D-C918CBB618B3}"
	ProjectSection(SolutionItems) = preProject
		.editorconfig = .editorconfig
	EndProjectSection
EndProject
Project("{FAE04EC0-301F-11D3-BF4B-00C04F79EFBC}") = "RebarInterop", "RebarInterop\RebarInterop.csproj", "{04C7789D-2091-4E8C-889F-7ED66398E170}"
EndProject
Project("{FAE04EC0-301F-11D3-BF4B-00C04F79EFBC}") = "Utilities", "Utilities\Utilities.csproj", "{EBCA896C-5DBA-4041-BA68-D7583D597C92}"
EndProject
Project("{FAE04EC0-301F-11D3-BF4B-00C04F79EFBC}") = "PatternModifierUI", "PatternModifierPresentor\PatternModifierUI.csproj", "{9E42CFD3-7427-4046-89AA-127C55BCF183}"
EndProject
Global
	GlobalSection(SolutionConfigurationPlatforms) = preSolution
		Debug|Any CPU = Debug|Any CPU
		Release|Any CPU = Release|Any CPU
		RVT2019|Any CPU = RVT2019|Any CPU
		RVT2020|Any CPU = RVT2020|Any CPU
		RVT2021|Any CPU = RVT2021|Any CPU
	EndGlobalSection
	GlobalSection(ProjectConfigurationPlatforms) = postSolution
		{E997AB2C-CC8D-4ACB-8107-643A366DAD1D}.Debug|Any CPU.ActiveCfg = Debug|Any CPU
		{E997AB2C-CC8D-4ACB-8107-643A366DAD1D}.Debug|Any CPU.Build.0 = Debug|Any CPU
		{E997AB2C-CC8D-4ACB-8107-643A366DAD1D}.Release|Any CPU.ActiveCfg = Release|Any CPU
		{E997AB2C-CC8D-4ACB-8107-643A366DAD1D}.Release|Any CPU.Build.0 = Release|Any CPU
		{E997AB2C-CC8D-4ACB-8107-643A366DAD1D}.RVT2019|Any CPU.ActiveCfg = RVT2019|Any CPU
		{E997AB2C-CC8D-4ACB-8107-643A366DAD1D}.RVT2019|Any CPU.Build.0 = RVT2019|Any CPU
		{E997AB2C-CC8D-4ACB-8107-643A366DAD1D}.RVT2020|Any CPU.ActiveCfg = RVT2020|Any CPU
		{E997AB2C-CC8D-4ACB-8107-643A366DAD1D}.RVT2020|Any CPU.Build.0 = RVT2020|Any CPU
		{E997AB2C-CC8D-4ACB-8107-643A366DAD1D}.RVT2021|Any CPU.ActiveCfg = RVT2021|Any CPU
		{E997AB2C-CC8D-4ACB-8107-643A366DAD1D}.RVT2021|Any CPU.Build.0 = RVT2021|Any CPU
		{04C7789D-2091-4E8C-889F-7ED66398E170}.Debug|Any CPU.ActiveCfg = Debug|Any CPU
		{04C7789D-2091-4E8C-889F-7ED66398E170}.Debug|Any CPU.Build.0 = Debug|Any CPU
		{04C7789D-2091-4E8C-889F-7ED66398E170}.Release|Any CPU.ActiveCfg = Release|Any CPU
		{04C7789D-2091-4E8C-889F-7ED66398E170}.Release|Any CPU.Build.0 = Release|Any CPU
		{04C7789D-2091-4E8C-889F-7ED66398E170}.RVT2019|Any CPU.ActiveCfg = RVT2019|Any CPU
		{04C7789D-2091-4E8C-889F-7ED66398E170}.RVT2019|Any CPU.Build.0 = RVT2019|Any CPU
		{04C7789D-2091-4E8C-889F-7ED66398E170}.RVT2020|Any CPU.ActiveCfg = RVT2020|Any CPU
		{04C7789D-2091-4E8C-889F-7ED66398E170}.RVT2020|Any CPU.Build.0 = RVT2020|Any CPU
		{04C7789D-2091-4E8C-889F-7ED66398E170}.RVT2021|Any CPU.ActiveCfg = RVT2021|Any CPU
		{04C7789D-2091-4E8C-889F-7ED66398E170}.RVT2021|Any CPU.Build.0 = RVT2021|Any CPU
		{EBCA896C-5DBA-4041-BA68-D7583D597C92}.Debug|Any CPU.ActiveCfg = Debug|Any CPU
		{EBCA896C-5DBA-4041-BA68-D7583D597C92}.Debug|Any CPU.Build.0 = Debug|Any CPU
		{EBCA896C-5DBA-4041-BA68-D7583D597C92}.Release|Any CPU.ActiveCfg = Release|Any CPU
		{EBCA896C-5DBA-4041-BA68-D7583D597C92}.Release|Any CPU.Build.0 = Release|Any CPU
		{EBCA896C-5DBA-4041-BA68-D7583D597C92}.RVT2019|Any CPU.ActiveCfg = RVT2019|Any CPU
		{EBCA896C-5DBA-4041-BA68-D7583D597C92}.RVT2019|Any CPU.Build.0 = RVT2019|Any CPU
		{EBCA896C-5DBA-4041-BA68-D7583D597C92}.RVT2020|Any CPU.ActiveCfg = RVT2020|Any CPU
		{EBCA896C-5DBA-4041-BA68-D7583D597C92}.RVT2020|Any CPU.Build.0 = RVT2020|Any CPU
		{EBCA896C-5DBA-4041-BA68-D7583D597C92}.RVT2021|Any CPU.ActiveCfg = RVT2021|Any CPU
		{EBCA896C-5DBA-4041-BA68-D7583D597C92}.RVT2021|Any CPU.Build.0 = RVT2021|Any CPU
		{9E42CFD3-7427-4046-89AA-127C55BCF183}.Debug|Any CPU.ActiveCfg = Debug|Any CPU
		{9E42CFD3-7427-4046-89AA-127C55BCF183}.Debug|Any CPU.Build.0 = Debug|Any CPU
		{9E42CFD3-7427-4046-89AA-127C55BCF183}.Release|Any CPU.ActiveCfg = Release|Any CPU
		{9E42CFD3-7427-4046-89AA-127C55BCF183}.Release|Any CPU.Build.0 = Release|Any CPU
		{9E42CFD3-7427-4046-89AA-127C55BCF183}.RVT2019|Any CPU.ActiveCfg = RVT2019|Any CPU
		{9E42CFD3-7427-4046-89AA-127C55BCF183}.RVT2019|Any CPU.Build.0 = RVT2019|Any CPU
		{9E42CFD3-7427-4046-89AA-127C55BCF183}.RVT2020|Any CPU.ActiveCfg = RVT2020|Any CPU
		{9E42CFD3-7427-4046-89AA-127C55BCF183}.RVT2020|Any CPU.Build.0 = RVT2020|Any CPU
		{9E42CFD3-7427-4046-89AA-127C55BCF183}.RVT2021|Any CPU.ActiveCfg = RVT2021|Any CPU
		{9E42CFD3-7427-4046-89AA-127C55BCF183}.RVT2021|Any CPU.Build.0 = RVT2021|Any CPU
	EndGlobalSection
	GlobalSection(SolutionProperties) = preSolution
		HideSolutionNode = FALSE
	EndGlobalSection
	GlobalSection(ExtensibilityGlobals) = postSolution
		SolutionGuid = {BB27EF21-03DC-415A-8F8F-415EE54DE10F}
	EndGlobalSection
EndGlobal
